{
  "requires": true,
  "lockfileVersion": 1,
  "dependencies": {
    "typed.js": {
      "version": "2.0.7",
      "resolved": "https://registry.npmjs.org/typed.js/-/typed.js-2.0.7.tgz",
      "integrity": "sha512-/mFuH5cItrj3G9mfwkInWBUBc67UBQ7pXLebqKytOK74ITPl3Z9rtQme8An1j5e9IASMEfcwapf9ddtotm54fw=="
    }
  }
}
